// !$*UTF8*$!
{
	archiveVersion = 1;
	classes = {
	};
	objectVersion = 56;
	objects = {

/* Begin PBXBuildFile section */
		247DBF242B9591C200A38692 /* EmptyViewController.swift in Sources */ = {isa = PBXBuildFile; fileRef = 247DBF232B9591C200A38692 /* EmptyViewController.swift */; };
		247DBF262B95920600A38692 /* LoginPageViewController.swift in Sources */ = {isa = PBXBuildFile; fileRef = 247DBF252B95920600A38692 /* LoginPageViewController.swift */; };
		24E85F342B94B7E300DA5FCE /* AppDelegate.swift in Sources */ = {isa = PBXBuildFile; fileRef = 24E85F332B94B7E300DA5FCE /* AppDelegate.swift */; };
		24E85F362B94B7E300DA5FCE /* SceneDelegate.swift in Sources */ = {isa = PBXBuildFile; fileRef = 24E85F352B94B7E300DA5FCE /* SceneDelegate.swift */; };
		24E85F382B94B7E300DA5FCE /* HomePageViewController.swift in Sources */ = {isa = PBXBuildFile; fileRef = 24E85F372B94B7E300DA5FCE /* HomePageViewController.swift */; };
		24E85F3B2B94B7E300DA5FCE /* Main.storyboard in Resources */ = {isa = PBXBuildFile; fileRef = 24E85F392B94B7E300DA5FCE /* Main.storyboard */; };
		24E85F3D2B94B7E500DA5FCE /* Assets.xcassets in Resources */ = {isa = PBXBuildFile; fileRef = 24E85F3C2B94B7E500DA5FCE /* Assets.xcassets */; };
		24E85F402B94B7E500DA5FCE /* LaunchScreen.storyboard in Resources */ = {isa = PBXBuildFile; fileRef = 24E85F3E2B94B7E500DA5FCE /* LaunchScreen.storyboard */; };
		24E85F492B94B80D00DA5FCE /* CircleView.swift in Sources */ = {isa = PBXBuildFile; fileRef = 24E85F482B94B80D00DA5FCE /* CircleView.swift */; };
/* End PBXBuildFile section */

/* Begin PBXFileReference section */
		247DBF232B9591C200A38692 /* EmptyViewController.swift */ = {isa = PBXFileReference; lastKnownFileType = sourcecode.swift; path = EmptyViewController.swift; sourceTree = "<group>"; };
		247DBF252B95920600A38692 /* LoginPageViewController.swift */ = {isa = PBXFileReference; lastKnownFileType = sourcecode.swift; path = LoginPageViewController.swift; sourceTree = "<group>"; };
		24E85F302B94B7E300DA5FCE /* EnparaApp.app */ = {isa = PBXFileReference; explicitFileType = wrapper.application; includeInIndex = 0; path = EnparaApp.app; sourceTree = BUILT_PRODUCTS_DIR; };
		24E85F332B94B7E300DA5FCE /* AppDelegate.swift */ = {isa = PBXFileReference; lastKnownFileType = sourcecode.swift; path = AppDelegate.swift; sourceTree = "<group>"; };
		24E85F352B94B7E300DA5FCE /* SceneDelegate.swift */ = {isa = PBXFileReference; lastKnownFileType = sourcecode.swift; path = SceneDelegate.swift; sourceTree = "<group>"; };
		24E85F372B94B7E300DA5FCE /* HomePageViewController.swift */ = {isa = PBXFileReference; lastKnownFileType = sourcecode.swift; path = HomePageViewController.swift; sourceTree = "<group>"; };
		24E85F3A2B94B7E300DA5FCE /* Base */ = {isa = PBXFileReference; lastKnownFileType = file.storyboard; name = Base; path = Base.lproj/Main.storyboard; sourceTree = "<group>"; };
		24E85F3C2B94B7E500DA5FCE /* Assets.xcassets */ = {isa = PBXFileReference; lastKnownFileType = folder.assetcatalog; path = Assets.xcassets; sourceTree = "<group>"; };
		24E85F3F2B94B7E500DA5FCE /* Base */ = {isa = PBXFileReference; lastKnownFileType = file.storyboard; name = Base; path = Base.lproj/LaunchScreen.storyboard; sourceTree = "<group>"; };
		24E85F412B94B7E500DA5FCE /* Info.plist */ = {isa = PBXFileReference; lastKnownFileType = text.plist.xml; path = Info.plist; sourceTree = "<group>"; };
		24E85F482B94B80D00DA5FCE /* CircleView.swift */ = {isa = PBXFileReference; lastKnownFileType = sourcecode.swift; path = CircleView.swift; sourceTree = "<group>"; };
/* End PBXFileReference section */

/* Begin PBXFrameworksBuildPhase section */
		24E85F2D2B94B7E300DA5FCE /* Frameworks */ = {
			isa = PBXFrameworksBuildPhase;
			buildActionMask = 2147483647;
			files = (
			);
			runOnlyForDeploymentPostprocessing = 0;
		};
/* End PBXFrameworksBuildPhase section */

/* Begin PBXGroup section */
		24E85F272B94B7E300DA5FCE = {
			isa = PBXGroup;
			children = (
				24E85F322B94B7E300DA5FCE /* EnparaApp */,
				24E85F312B94B7E300DA5FCE /* Products */,
			);
			sourceTree = "<group>";
		};
		24E85F312B94B7E300DA5FCE /* Products */ = {
			isa = PBXGroup;
			children = (
				24E85F302B94B7E300DA5FCE /* EnparaApp.app */,
			);
			name = Products;
			sourceTree = "<group>";
		};
		24E85F322B94B7E300DA5FCE /* EnparaApp */ = {
			isa = PBXGroup;
			children = (
				24E85F4A2B94B82A00DA5FCE /* Controller */,
				24E85F472B94B7FE00DA5FCE /* View */,
				24E85F332B94B7E300DA5FCE /* AppDelegate.swift */,
				24E85F352B94B7E300DA5FCE /* SceneDelegate.swift */,
				24E85F392B94B7E300DA5FCE /* Main.storyboard */,
				24E85F3C2B94B7E500DA5FCE /* Assets.xcassets */,
				24E85F3E2B94B7E500DA5FCE /* LaunchScreen.storyboard */,
				24E85F412B94B7E500DA5FCE /* Info.plist */,
			);
			path = EnparaApp;
			sourceTree = "<group>";
		};
		24E85F472B94B7FE00DA5FCE /* View */ = {
			isa = PBXGroup;
			children = (
				24E85F482B94B80D00DA5FCE /* CircleView.swift */,
			);
			path = View;
			sourceTree = "<group>";
		};
		24E85F4A2B94B82A00DA5FCE /* Controller */ = {
			isa = PBXGroup;
			children = (
				24E85F372B94B7E300DA5FCE /* HomePageViewController.swift */,
				247DBF232B9591C200A38692 /* EmptyViewController.swift */,
				247DBF252B95920600A38692 /* LoginPageViewController.swift */,
			);
			path = Controller;
			sourceTree = "<group>";
		};
/* End PBXGroup section */

/* Begin PBXNativeTarget section */
		24E85F2F2B94B7E300DA5FCE /* EnparaApp */ = {
			isa = PBXNativeTarget;
			buildConfigurationList = 24E85F442B94B7E500DA5FCE /* Build configuration list for PBXNativeTarget "EnparaApp" */;
			buildPhases = (
				24E85F2C2B94B7E300DA5FCE /* Sources */,
				24E85F2D2B94B7E300DA5FCE /* Frameworks */,
				24E85F2E2B94B7E300DA5FCE /* Resources */,
			);
			buildRules = (
			);
			dependencies = (
			);
			name = EnparaApp;
			productName = EnparaApp;
			productReference = 24E85F302B94B7E300DA5FCE /* EnparaApp.app */;
			productType = "com.apple.product-type.application";
		};
/* End PBXNativeTarget section */

/* Begin PBXProject section */
		24E85F282B94B7E300DA5FCE /* Project object */ = {
			isa = PBXProject;
			attributes = {
				BuildIndependentTargetsInParallel = 1;
				LastSwiftUpdateCheck = 1520;
				LastUpgradeCheck = 1520;
				TargetAttributes = {
					24E85F2F2B94B7E300DA5FCE = {
						CreatedOnToolsVersion = 15.2;
					};
				};
			};
			buildConfigurationList = 24E85F2B2B94B7E300DA5FCE /* Build configuration list for PBXProject "EnparaApp" */;
			compatibilityVersion = "Xcode 14.0";
			developmentRegion = en;
			hasScannedForEncodings = 0;
			knownRegions = (
				en,
				Base,
			);
			mainGroup = 24E85F272B94B7E300DA5FCE;
			productRefGroup = 24E85F312B94B7E300DA5FCE /* Products */;
			projectDirPath = "";
			projectRoot = "";
			targets = (
				24E85F2F2B94B7E300DA5FCE /* EnparaApp */,
			);
		};
/* End PBXProject section */

/* Begin PBXResourcesBuildPhase section */
		24E85F2E2B94B7E300DA5FCE /* Resources */ = {
			isa = PBXResourcesBuildPhase;
			buildActionMask = 2147483647;
			files = (
				24E85F402B94B7E500DA5FCE /* LaunchScreen.storyboard in Resources */,
				24E85F3D2B94B7E500DA5FCE /* Assets.xcassets in Resources */,
				24E85F3B2B94B7E300DA5FCE /* Main.storyboard in Resources */,
			);
			runOnlyForDeploymentPostprocessing = 0;
		};
/* End PBXResourcesBuildPhase section */

/* Begin PBXSourcesBuildPhase section */
		24E85F2C2B94B7E300DA5FCE /* Sources */ = {
			isa = PBXSourcesBuildPhase;
			buildActionMask = 2147483647;
			files = (
				24E85F492B94B80D00DA5FCE /* CircleView.swift in Sources */,
				24E85F382B94B7E300DA5FCE /* HomePageViewController.swift in Sources */,
				247DBF242B9591C200A38692 /* EmptyViewController.swift in Sources */,
				247DBF262B95920600A38692 /* LoginPageViewController.swift in Sources */,
				24E85F342B94B7E300DA5FCE /* AppDelegate.swift in Sources */,
				24E85F362B94B7E300DA5FCE /* SceneDelegate.swift in Sources */,
			);
			runOnlyForDeploymentPostprocessing = 0;
		};
/* End PBXSourcesBuildPhase section */

/* Begin PBXVariantGroup section */
		24E85F392B94B7E300DA5FCE /* Main.storyboard */ = {
			isa = PBXVariantGroup;
			children = (
				24E85F3A2B94B7E300DA5FCE /* Base */,
			);
			name = Main.storyboard;
			sourceTree = "<group>";
		};
		24E85F3E2B94B7E500DA5FCE /* LaunchScreen.storyboard */ = {
			isa = PBXVariantGroup;
			children = (
				24E85F3F2B94B7E500DA5FCE /* Base */,
			);
			name = LaunchScreen.storyboard;
			sourceTree = "<group>";
		};
/* End PBXVariantGroup section */

/* Begin XCBuildConfiguration section */
		24E85F422B94B7E500DA5FCE /* Debug */ = {
			isa = XCBuildConfiguration;
			buildSettings = {
				ALWAYS_SEARCH_USER_PATHS = NO;
				ASSETCATALOG_COMPILER_GENERATE_SWIFT_ASSET_SYMBOL_EXTENSIONS = YES;
				CLANG_ANALYZER_NONNULL = YES;
				CLANG_ANALYZER_NUMBER_OBJECT_CONVERSION = YES_AGGRESSIVE;
				CLANG_CXX_LANGUAGE_STANDARD = "gnu++20";
				CLANG_ENABLE_MODULES = YES;
				CLANG_ENABLE_OBJC_ARC = YES;
				CLANG_ENABLE_OBJC_WEAK = YES;
				CLANG_WARN_BLOCK_CAPTURE_AUTORELEASING = YES;
				CLANG_WARN_BOOL_CONVERSION = YES;
				CLANG_WARN_COMMA = YES;
				CLANG_WARN_CONSTANT_CONVERSION = YES;
				CLANG_WARN_DEPRECATED_OBJC_IMPLEMENTATIONS = YES;
				CLANG_WARN_DIRECT_OBJC_ISA_USAGE = YES_ERROR;
				CLANG_WARN_DOCUMENTATION_COMMENTS = YES;
				CLANG_WARN_EMPTY_BODY = YES;
				CLANG_WARN_ENUM_CONVERSION = YES;
				CLANG_WARN_INFINITE_RECURSION = YES;
				CLANG_WARN_INT_CONVERSION = YES;
				CLANG_WARN_NON_LITERAL_NULL_CONVERSION = YES;
				CLANG_WARN_OBJC_IMPLICIT_RETAIN_SELF = YES;
				CLANG_WARN_OBJC_LITERAL_CONVERSION = YES;
				CLANG_WARN_OBJC_ROOT_CLASS = YES_ERROR;
				CLANG_WARN_QUOTED_INCLUDE_IN_FRAMEWORK_HEADER = YES;
				CLANG_WARN_RANGE_LOOP_ANALYSIS = YES;
				CLANG_WARN_STRICT_PROTOTYPES = YES;
				CLANG_WARN_SUSPICIOUS_MOVE = YES;
				CLANG_WARN_UNGUARDED_AVAILABILITY = YES_AGGRESSIVE;
				CLANG_WARN_UNREACHABLE_CODE = YES;
				CLANG_WARN__DUPLICATE_METHOD_MATCH = YES;
				COPY_PHASE_STRIP = NO;
				DEBUG_INFORMATION_FORMAT = dwarf;
				ENABLE_STRICT_OBJC_MSGSEND = YES;
				ENABLE_TESTABILITY = YES;
				ENABLE_USER_SCRIPT_SANDBOXING = YES;
				GCC_C_LANGUAGE_STANDARD = gnu17;
				GCC_DYNAMIC_NO_PIC = NO;
				GCC_NO_COMMON_BLOCKS = YES;
				GCC_OPTIMIZATION_LEVEL = 0;
				GCC_PREPROCESSOR_DEFINITIONS = (
					"DEBUG=1",
					"$(inherited)",
				);
				GCC_WARN_64_TO_32_BIT_CONVERSION = YES;
				GCC_WARN_ABOUT_RETURN_TYPE = YES_ERROR;
				GCC_WARN_UNDECLARED_SELECTOR = YES;
				GCC_WARN_UNINITIALIZED_AUTOS = YES_AGGRESSIVE;
				GCC_WARN_UNUSED_FUNCTION = YES;
				GCC_WARN_UNUSED_VARIABLE = YES;
				IPHONEOS_DEPLOYMENT_TARGET = 17.2;
				LOCALIZATION_PREFERS_STRING_CATALOGS = YES;
				MTL_ENABLE_DEBUG_INFO = INCLUDE_SOURCE;
				MTL_FAST_MATH = YES;
				ONLY_ACTIVE_ARCH = YES;
				SDKROOT = iphoneos;
				SWIFT_ACTIVE_COMPILATION_CONDITIONS = "DEBUG $(inherited)";
				SWIFT_OPTIMIZATION_LEVEL = "-Onone";
			};
			name = Debug;
		};
		24E85F432B94B7E500DA5FCE /* Release */ = {
			isa = XCBuildConfiguration;
			buildSettings = {
				ALWAYS_SEARCH_USER_PATHS = NO;
				ASSETCATALOG_COMPILER_GENERATE_SWIFT_ASSET_SYMBOL_EXTENSIONS = YES;
				CLANG_ANALYZER_NONNULL = YES;
				CLANG_ANALYZER_NUMBER_OBJECT_CONVERSION = YES_AGGRESSIVE;
				CLANG_CXX_LANGUAGE_STANDARD = "gnu++20";
				CLANG_ENABLE_MODULES = YES;
				CLANG_ENABLE_OBJC_ARC = YES;
				CLANG_ENABLE_OBJC_WEAK = YES;
				CLANG_WARN_BLOCK_CAPTURE_AUTORELEASING = YES;
				CLANG_WARN_BOOL_CONVERSION = YES;
				CLANG_WARN_COMMA = YES;
				CLANG_WARN_CONSTANT_CONVERSION = YES;
				CLANG_WARN_DEPRECATED_OBJC_IMPLEMENTATIONS = YES;
				CLANG_WARN_DIRECT_OBJC_ISA_USAGE = YES_ERROR;
				CLANG_WARN_DOCUMENTATION_COMMENTS = YES;
				CLANG_WARN_EMPTY_BODY = YES;
				CLANG_WARN_ENUM_CONVERSION = YES;
				CLANG_WARN_INFINITE_RECURSION = YES;
				CLANG_WARN_INT_CONVERSION = YES;
				CLANG_WARN_NON_LITERAL_NULL_CONVERSION = YES;
				CLANG_WARN_OBJC_IMPLICIT_RETAIN_SELF = YES;
				CLANG_WARN_OBJC_LITERAL_CONVERSION = YES;
				CLANG_WARN_OBJC_ROOT_CLASS = YES_ERROR;
				CLANG_WARN_QUOTED_INCLUDE_IN_FRAMEWORK_HEADER = YES;
				CLANG_WARN_RANGE_LOOP_ANALYSIS = YES;
				CLANG_WARN_STRICT_PROTOTYPES = YES;
				CLANG_WARN_SUSPICIOUS_MOVE = YES;
				CLANG_WARN_UNGUARDED_AVAILABILITY = YES_AGGRESSIVE;
				CLANG_WARN_UNREACHABLE_CODE = YES;
				CLANG_WARN__DUPLICATE_METHOD_MATCH = YES;
				COPY_PHASE_STRIP = NO;
				DEBUG_INFORMATION_FORMAT = "dwarf-with-dsym";
				ENABLE_NS_ASSERTIONS = NO;
				ENABLE_STRICT_OBJC_MSGSEND = YES;
				ENABLE_USER_SCRIPT_SANDBOXING = YES;
				GCC_C_LANGUAGE_STANDARD = gnu17;
				GCC_NO_COMMON_BLOCKS = YES;
				GCC_WARN_64_TO_32_BIT_CONVERSION = YES;
				GCC_WARN_ABOUT_RETURN_TYPE = YES_ERROR;
				GCC_WARN_UNDECLARED_SELECTOR = YES;
				GCC_WARN_UNINITIALIZED_AUTOS = YES_AGGRESSIVE;
				GCC_WARN_UNUSED_FUNCTION = YES;
				GCC_WARN_UNUSED_VARIABLE = YES;
				IPHONEOS_DEPLOYMENT_TARGET = 17.2;
				LOCALIZATION_PREFERS_STRING_CATALOGS = YES;
				MTL_ENABLE_DEBUG_INFO = NO;
				MTL_FAST_MATH = YES;
				SDKROOT = iphoneos;
				SWIFT_COMPILATION_MODE = wholemodule;
				VALIDATE_PRODUCT = YES;
			};
			name = Release;
		};
		24E85F452B94B7E500DA5FCE /* Debug */ = {
			isa = XCBuildConfiguration;
			buildSettings = {
				ASSETCATALOG_COMPILER_APPICON_NAME = AppIcon;
				ASSETCATALOG_COMPILER_GLOBAL_ACCENT_COLOR_NAME = AccentColor;
				CODE_SIGN_STYLE = Automatic;
				CURRENT_PROJECT_VERSION = 1;
				DEVELOPMENT_TEAM = B94RW248TX;
				GENERATE_INFOPLIST_FILE = YES;
				INFOPLIST_FILE = EnparaApp/Info.plist;
				INFOPLIST_KEY_UIApplicationSupportsIndirectInputEvents = YES;
				INFOPLIST_KEY_UILaunchStoryboardName = LaunchScreen;
				INFOPLIST_KEY_UIMainStoryboardFile = Main;
				INFOPLIST_KEY_UISupportedInterfaceOrientations_iPad = "UIInterfaceOrientationPortrait UIInterfaceOrientationPortraitUpsideDown UIInterfaceOrientationLandscapeLeft UIInterfaceOrientationLandscapeRight";
				INFOPLIST_KEY_UISupportedInterfaceOrientations_iPhone = "UIInterfaceOrientationPortrait UIInterfaceOrientationLandscapeLeft UIInterfaceOrientationLandscapeRight";
				LD_RUNPATH_SEARCH_PATHS = (
					"$(inherited)",
					"@executable_path/Frameworks",
				);
				MARKETING_VERSION = 1.0;
				PRODUCT_BUNDLE_IDENTIFIER = maliyhy.EnparaApp;
				PRODUCT_NAME = "$(TARGET_NAME)";
				SWIFT_EMIT_LOC_STRINGS = YES;
				SWIFT_VERSION = 5.0;
				TARGETED_DEVICE_FAMILY = "1,2";
			};
			name = Debug;
		};
		24E85F462B94B7E500DA5FCE /* Release */ = {
			isa = XCBuildConfiguration;
			buildSettings = {
				ASSETCATALOG_COMPILER_APPICON_NAME = AppIcon;
				ASSETCATALOG_COMPILER_GLOBAL_ACCENT_COLOR_NAME = AccentColor;
				CODE_SIGN_STYLE = Automatic;
				CURRENT_PROJECT_VERSION = 1;
				DEVELOPMENT_TEAM = B94RW248TX;
				GENERATE_INFOPLIST_FILE = YES;
				INFOPLIST_FILE = EnparaApp/Info.plist;
				INFOPLIST_KEY_UIApplicationSupportsIndirectInputEvents = YES;
				INFOPLIST_KEY_UILaunchStoryboardName = LaunchScreen;
				INFOPLIST_KEY_UIMainStoryboardFile = Main;
				INFOPLIST_KEY_UISupportedInterfaceOrientations_iPad = "UIInterfaceOrientationPortrait UIInterfaceOrientationPortraitUpsideDown UIInterfaceOrientationLandscapeLeft UIInterfaceOrientationLandscapeRight";
				INFOPLIST_KEY_UISupportedInterfaceOrientations_iPhone = "UIInterfaceOrientationPortrait UIInterfaceOrientationLandscapeLeft UIInterfaceOrientationLandscapeRight";
				LD_RUNPATH_SEARCH_PATHS = (
					"$(inherited)",
					"@executable_path/Frameworks",
				);
				MARKETING_VERSION = 1.0;
				PRODUCT_BUNDLE_IDENTIFIER = maliyhy.EnparaApp;
				PRODUCT_NAME = "$(TARGET_NAME)";
				SWIFT_EMIT_LOC_STRINGS = YES;
				SWIFT_VERSION = 5.0;
				TARGETED_DEVICE_FAMILY = "1,2";
			};
			name = Release;
		};
/* End XCBuildConfiguration section */

/* Begin XCConfigurationList section */
		24E85F2B2B94B7E300DA5FCE /* Build configuration list for PBXProject "EnparaApp" */ = {
			isa = XCConfigurationList;
			buildConfigurations = (
				24E85F422B94B7E500DA5FCE /* Debug */,
				24E85F432B94B7E500DA5FCE /* Release */,
			);
			defaultConfigurationIsVisible = 0;
			defaultConfigurationName = Release;
		};
		24E85F442B94B7E500DA5FCE /* Build configuration list for PBXNativeTarget "EnparaApp" */ = {
			isa = XCConfigurationList;
			buildConfigurations = (
				24E85F452B94B7E500DA5FCE /* Debug */,
				24E85F462B94B7E500DA5FCE /* Release */,
			);
			defaultConfigurationIsVisible = 0;
			defaultConfigurationName = Release;
		};
/* End XCConfigurationList section */
	};
	rootObject = 24E85F282B94B7E300DA5FCE /* Project object */;
}
